
Microsoft Visual Studio Solution File, Format Version 12.00
# Visual Studio Version 16
VisualStudioVersion = 16.0.29102.190
MinimumVisualStudioVersion = 10.0.40219.1
Project("{FAE04EC0-301F-11D3-BF4B-00C04F79EFBC}") = "MkBuy.Dominio", "MkBuy.Dominio\MkBuy.Dominio.csproj", "{300EACA4-9142-41C7-AC3E-AD2C6C7B6F6E}"
EndProject
Project("{FAE04EC0-301F-11D3-BF4B-00C04F79EFBC}") = "MkBuy.Repositorio", "MkBuy.Repositorio\MkBuy.Repositorio.csproj", "{FFE60A75-7202-4E28-ACC6-7313161FD305}"
EndProject
Project("{FAE04EC0-301F-11D3-BF4B-00C04F79EFBC}") = "MkBuy.Web", "MkBuy.Web\MkBuy.Web.csproj", "{0735614F-F984-492C-A52E-D6EB5E135511}"
EndProject
Global
	GlobalSection(SolutionConfigurationPlatforms) = preSolution
		Debug|Any CPU = Debug|Any CPU
		Release|Any CPU = Release|Any CPU
	EndGlobalSection
	GlobalSection(ProjectConfigurationPlatforms) = postSolution
		{300EACA4-9142-41C7-AC3E-AD2C6C7B6F6E}.Debug|Any CPU.ActiveCfg = Debug|Any CPU
		{300EACA4-9142-41C7-AC3E-AD2C6C7B6F6E}.Debug|Any CPU.Build.0 = Debug|Any CPU
		{300EACA4-9142-41C7-AC3E-AD2C6C7B6F6E}.Release|Any CPU.ActiveCfg = Release|Any CPU
		{300EACA4-9142-41C7-AC3E-AD2C6C7B6F6E}.Release|Any CPU.Build.0 = Release|Any CPU
		{FFE60A75-7202-4E28-ACC6-7313161FD305}.Debug|Any CPU.ActiveCfg = Debug|Any CPU
		{FFE60A75-7202-4E28-ACC6-7313161FD305}.Debug|Any CPU.Build.0 = Debug|Any CPU
		{FFE60A75-7202-4E28-ACC6-7313161FD305}.Release|Any CPU.ActiveCfg = Release|Any CPU
		{FFE60A75-7202-4E28-ACC6-7313161FD305}.Release|Any CPU.Build.0 = Release|Any CPU
		{0735614F-F984-492C-A52E-D6EB5E135511}.Debug|Any CPU.ActiveCfg = Debug|Any CPU
		{0735614F-F984-492C-A52E-D6EB5E135511}.Debug|Any CPU.Build.0 = Debug|Any CPU
		{0735614F-F984-492C-A52E-D6EB5E135511}.Release|Any CPU.ActiveCfg = Release|Any CPU
		{0735614F-F984-492C-A52E-D6EB5E135511}.Release|Any CPU.Build.0 = Release|Any CPU
	EndGlobalSection
	GlobalSection(SolutionProperties) = preSolution
		HideSolutionNode = FALSE
	EndGlobalSection
	GlobalSection(ExtensibilityGlobals) = postSolution
		SolutionGuid = {4A840370-9387-4143-B9F7-59BE2C4FE10D}
	EndGlobalSection
EndGlobal
